
Microsoft Visual Studio Solution File, Format Version 12.00
Project("{FAE04EC0-301F-11D3-BF4B-00C04F79EFBC}") = "ShopOnline.Web", "ShopOnline.Web\ShopOnline.Web.csproj", "{B281DD78-9573-4659-A77C-2BCFC4E9DC8B}"
EndProject
Project("{FAE04EC0-301F-11D3-BF4B-00C04F79EFBC}") = "ShopOnline.Api", "ShopOnline.Api\ShopOnline.Api.csproj", "{6CB8B1BB-090C-4C20-9516-C93182CB1E60}"
EndProject
Project("{FAE04EC0-301F-11D3-BF4B-00C04F79EFBC}") = "ShopOnline.Models", "ShopOnline.Models\ShopOnline.Models.csproj", "{CC1B0EE3-8DE9-492F-844A-910AAE5EE0F2}"
EndProject
Global
	GlobalSection(SolutionConfigurationPlatforms) = preSolution
		Debug|Any CPU = Debug|Any CPU
		Release|Any CPU = Release|Any CPU
	EndGlobalSection
	GlobalSection(ProjectConfigurationPlatforms) = postSolution
		{B281DD78-9573-4659-A77C-2BCFC4E9DC8B}.Debug|Any CPU.ActiveCfg = Debug|Any CPU
		{B281DD78-9573-4659-A77C-2BCFC4E9DC8B}.Debug|Any CPU.Build.0 = Debug|Any CPU
		{B281DD78-9573-4659-A77C-2BCFC4E9DC8B}.Release|Any CPU.ActiveCfg = Release|Any CPU
		{B281DD78-9573-4659-A77C-2BCFC4E9DC8B}.Release|Any CPU.Build.0 = Release|Any CPU
		{6CB8B1BB-090C-4C20-9516-C93182CB1E60}.Debug|Any CPU.ActiveCfg = Debug|Any CPU
		{6CB8B1BB-090C-4C20-9516-C93182CB1E60}.Debug|Any CPU.Build.0 = Debug|Any CPU
		{6CB8B1BB-090C-4C20-9516-C93182CB1E60}.Release|Any CPU.ActiveCfg = Release|Any CPU
		{6CB8B1BB-090C-4C20-9516-C93182CB1E60}.Release|Any CPU.Build.0 = Release|Any CPU
		{CC1B0EE3-8DE9-492F-844A-910AAE5EE0F2}.Debug|Any CPU.ActiveCfg = Debug|Any CPU
		{CC1B0EE3-8DE9-492F-844A-910AAE5EE0F2}.Debug|Any CPU.Build.0 = Debug|Any CPU
		{CC1B0EE3-8DE9-492F-844A-910AAE5EE0F2}.Release|Any CPU.ActiveCfg = Release|Any CPU
		{CC1B0EE3-8DE9-492F-844A-910AAE5EE0F2}.Release|Any CPU.Build.0 = Release|Any CPU
	EndGlobalSection
	GlobalSection(NestedProjects) = preSolution
	EndGlobalSection
EndGlobal
