
Microsoft Visual Studio Solution File, Format Version 12.00
Project("{FAE04EC0-301F-11D3-BF4B-00C04F79EFBC}") = "ShopOnline.Web", "ShopOnline.Web\ShopOnline.Web.csproj", "{B281DD78-9573-4659-A77C-2BCFC4E9DC8B}"
EndProject
Project("{FAE04EC0-301F-11D3-BF4B-00C04F79EFBC}") = "ShopOnline.Api", "ShopOnline.Api\ShopOnline.Api.csproj", "{6CB8B1BB-090C-4C20-9516-C93182CB1E60}"
EndProject
Project("{2150E333-8FDC-42A3-9474-1A3956D46DE8}") = "AplicationCore", "AplicationCore", "{3A8BFA2B-D88C-49FA-ADE8-09BCFE4A2189}"
EndProject
Project("{FAE04EC0-301F-11D3-BF4B-00C04F79EFBC}") = "ShopOnline.Domain", "ShopOnline.Domain\ShopOnline.Domain.csproj", "{98B28DA5-1A8C-4B2A-A504-0DA806462992}"
EndProject
Project("{FAE04EC0-301F-11D3-BF4B-00C04F79EFBC}") = "ShopOnline.Aplication", "ShopOnline.Aplication\ShopOnline.Aplication.csproj", "{B10A1459-4CE7-4AB5-81BF-C8607EDC1E86}"
EndProject
Project("{2150E333-8FDC-42A3-9474-1A3956D46DE8}") = "External", "External", "{C2E95071-65AD-4B81-98E2-4B53E1192453}"
EndProject
Project("{FAE04EC0-301F-11D3-BF4B-00C04F79EFBC}") = "ShopOnline.Infrastructure", "ShopOnline.Infrastructure\ShopOnline.Infrastructure.csproj", "{8F6B106F-04D3-4891-8679-C86C8A56EB02}"
EndProject
Project("{FAE04EC0-301F-11D3-BF4B-00C04F79EFBC}") = "ShopOnline.Core", "ShopOnline.Core\ShopOnline.Core.csproj", "{3D33D69C-EABC-463C-81FE-2BB062884CC2}"
EndProject
Global
	GlobalSection(SolutionConfigurationPlatforms) = preSolution
		Debug|Any CPU = Debug|Any CPU
		Release|Any CPU = Release|Any CPU
	EndGlobalSection
	GlobalSection(ProjectConfigurationPlatforms) = postSolution
		{B281DD78-9573-4659-A77C-2BCFC4E9DC8B}.Debug|Any CPU.ActiveCfg = Debug|Any CPU
		{B281DD78-9573-4659-A77C-2BCFC4E9DC8B}.Debug|Any CPU.Build.0 = Debug|Any CPU
		{B281DD78-9573-4659-A77C-2BCFC4E9DC8B}.Release|Any CPU.ActiveCfg = Release|Any CPU
		{B281DD78-9573-4659-A77C-2BCFC4E9DC8B}.Release|Any CPU.Build.0 = Release|Any CPU
		{6CB8B1BB-090C-4C20-9516-C93182CB1E60}.Debug|Any CPU.ActiveCfg = Debug|Any CPU
		{6CB8B1BB-090C-4C20-9516-C93182CB1E60}.Debug|Any CPU.Build.0 = Debug|Any CPU
		{6CB8B1BB-090C-4C20-9516-C93182CB1E60}.Release|Any CPU.ActiveCfg = Release|Any CPU
		{6CB8B1BB-090C-4C20-9516-C93182CB1E60}.Release|Any CPU.Build.0 = Release|Any CPU
		{98B28DA5-1A8C-4B2A-A504-0DA806462992}.Debug|Any CPU.ActiveCfg = Debug|Any CPU
		{98B28DA5-1A8C-4B2A-A504-0DA806462992}.Debug|Any CPU.Build.0 = Debug|Any CPU
		{98B28DA5-1A8C-4B2A-A504-0DA806462992}.Release|Any CPU.ActiveCfg = Release|Any CPU
		{98B28DA5-1A8C-4B2A-A504-0DA806462992}.Release|Any CPU.Build.0 = Release|Any CPU
		{B10A1459-4CE7-4AB5-81BF-C8607EDC1E86}.Debug|Any CPU.ActiveCfg = Debug|Any CPU
		{B10A1459-4CE7-4AB5-81BF-C8607EDC1E86}.Debug|Any CPU.Build.0 = Debug|Any CPU
		{B10A1459-4CE7-4AB5-81BF-C8607EDC1E86}.Release|Any CPU.ActiveCfg = Release|Any CPU
		{B10A1459-4CE7-4AB5-81BF-C8607EDC1E86}.Release|Any CPU.Build.0 = Release|Any CPU
		{8F6B106F-04D3-4891-8679-C86C8A56EB02}.Debug|Any CPU.ActiveCfg = Debug|Any CPU
		{8F6B106F-04D3-4891-8679-C86C8A56EB02}.Debug|Any CPU.Build.0 = Debug|Any CPU
		{8F6B106F-04D3-4891-8679-C86C8A56EB02}.Release|Any CPU.ActiveCfg = Release|Any CPU
		{8F6B106F-04D3-4891-8679-C86C8A56EB02}.Release|Any CPU.Build.0 = Release|Any CPU
		{3D33D69C-EABC-463C-81FE-2BB062884CC2}.Debug|Any CPU.ActiveCfg = Debug|Any CPU
		{3D33D69C-EABC-463C-81FE-2BB062884CC2}.Debug|Any CPU.Build.0 = Debug|Any CPU
		{3D33D69C-EABC-463C-81FE-2BB062884CC2}.Release|Any CPU.ActiveCfg = Release|Any CPU
		{3D33D69C-EABC-463C-81FE-2BB062884CC2}.Release|Any CPU.Build.0 = Release|Any CPU
	EndGlobalSection
	GlobalSection(NestedProjects) = preSolution
		{98B28DA5-1A8C-4B2A-A504-0DA806462992} = {3A8BFA2B-D88C-49FA-ADE8-09BCFE4A2189}
		{B10A1459-4CE7-4AB5-81BF-C8607EDC1E86} = {3A8BFA2B-D88C-49FA-ADE8-09BCFE4A2189}
		{6CB8B1BB-090C-4C20-9516-C93182CB1E60} = {C2E95071-65AD-4B81-98E2-4B53E1192453}
		{8F6B106F-04D3-4891-8679-C86C8A56EB02} = {C2E95071-65AD-4B81-98E2-4B53E1192453}
		{3D33D69C-EABC-463C-81FE-2BB062884CC2} = {3A8BFA2B-D88C-49FA-ADE8-09BCFE4A2189}
	EndGlobalSection
EndGlobal
